{
  "name": "techfood",
  "lockfileVersion": 3,
  "requires": true,
  "packages": {
    "": {
      "dependencies": {
        "ag-charts-react": "^10.2.0"
      }
    },
    "node_modules/ag-charts-community": {
      "version": "10.2.0",
      "resolved": "https://registry.npmjs.org/ag-charts-community/-/ag-charts-community-10.2.0.tgz",
      "integrity": "sha512-zRB5xvMj14Mli8kEmcy4wDBzJpdOF7+3yqCXrr8ug3sGjMlAJaf33Vu6qqxzlS/Vpip6TNvjPK9Q6RdtDHslRw==",
      "peer": true,
      "dependencies": {
        "ag-charts-locale": "10.2.0",
        "ag-charts-types": "10.2.0"
      }
    },
    "node_modules/ag-charts-locale": {
      "version": "10.2.0",
      "resolved": "https://registry.npmjs.org/ag-charts-locale/-/ag-charts-locale-10.2.0.tgz",
      "integrity": "sha512-JAwuJFXwoVE94YFuwo1ZtnCJa4rFLQna+t2xT5qT2KUaohVPHB+Zd8ivP62lOv9j2ZgzSg4WANBo2UT1LCtl2Q==",
      "peer": true
    },
    "node_modules/ag-charts-react": {
      "version": "10.2.0",
      "resolved": "https://registry.npmjs.org/ag-charts-react/-/ag-charts-react-10.2.0.tgz",
      "integrity": "sha512-Y9ryZagRyR8ZWBT3k+jyg9LR2darTAegoHcdNN0M1SHd7RNluD8QNuoT4+Xwf0KLDtLXV/vYlsXvoesjyzGH4Q==",
      "peerDependencies": {
        "ag-charts-community": "10.2.0",
        "react": "^16.8.0 || ^17.0.0 || ^18.0.0 || ^19.0.0"
      }
    },
    "node_modules/ag-charts-types": {
      "version": "10.2.0",
      "resolved": "https://registry.npmjs.org/ag-charts-types/-/ag-charts-types-10.2.0.tgz",
      "integrity": "sha512-PUqH1QtugpYLnlbMdeSZVf5PpT1XZVsP69qN1JXhetLtQpVC28zaj7ikwu9CMA9N9b+dBboA9QcjUQUJZVUokQ==",
      "peer": true
    },
    "node_modules/js-tokens": {
      "version": "4.0.0",
      "resolved": "https://registry.npmjs.org/js-tokens/-/js-tokens-4.0.0.tgz",
      "integrity": "sha512-RdJUflcE3cUzKiMqQgsCu06FPu9UdIJO0beYbPhHN4k6apgJtifcoCtT9bcxOpYBtpD2kCM6Sbzg4CausW/PKQ==",
      "peer": true
    },
    "node_modules/loose-envify": {
      "version": "1.4.0",
      "resolved": "https://registry.npmjs.org/loose-envify/-/loose-envify-1.4.0.tgz",
      "integrity": "sha512-lyuxPGr/Wfhrlem2CL/UcnUc1zcqKAImBDzukY7Y5F/yQiNdko6+fRLevlw1HgMySw7f611UIY408EtxRSoK3Q==",
      "peer": true,
      "dependencies": {
        "js-tokens": "^3.0.0 || ^4.0.0"
      },
      "bin": {
        "loose-envify": "cli.js"
      }
    },
    "node_modules/react": {
      "version": "18.3.1",
      "resolved": "https://registry.npmjs.org/react/-/react-18.3.1.tgz",
      "integrity": "sha512-wS+hAgJShR0KhEvPJArfuPVN1+Hz1t0Y6n5jLrGQbkb4urgPE/0Rve+1kMB1v/oWgHgm4WIcV+i7F2pTVj+2iQ==",
      "peer": true,
      "dependencies": {
        "loose-envify": "^1.1.0"
      },
      "engines": {
        "node": ">=0.10.0"
      }
    }
  }
}
